
Microsoft Visual Studio Solution File, Format Version 12.00
# Visual Studio Version 16
VisualStudioVersion = 16.0.31515.178
MinimumVisualStudioVersion = 10.0.40219.1
Project("{9A19103F-16F7-4668-BE54-9A1E7A4F7556}") = "MoodAnalyserDemo", "MoodAnalyser\MoodAnalyserDemo.csproj", "{1C01D7C3-D384-4168-8DCE-EB75B1AF9109}"
EndProject
Project("{9A19103F-16F7-4668-BE54-9A1E7A4F7556}") = "MoodAnalyserMSTest", "MoodAnalyserMSTest\MoodAnalyserMSTest.csproj", "{8F30AA94-80F4-492A-B5B1-165A90706DA7}"
EndProject
Global
	GlobalSection(SolutionConfigurationPlatforms) = preSolution
		Debug|Any CPU = Debug|Any CPU
		Release|Any CPU = Release|Any CPU
	EndGlobalSection
	GlobalSection(ProjectConfigurationPlatforms) = postSolution
		{1C01D7C3-D384-4168-8DCE-EB75B1AF9109}.Debug|Any CPU.ActiveCfg = Debug|Any CPU
		{1C01D7C3-D384-4168-8DCE-EB75B1AF9109}.Debug|Any CPU.Build.0 = Debug|Any CPU
		{1C01D7C3-D384-4168-8DCE-EB75B1AF9109}.Release|Any CPU.ActiveCfg = Release|Any CPU
		{1C01D7C3-D384-4168-8DCE-EB75B1AF9109}.Release|Any CPU.Build.0 = Release|Any CPU
		{8F30AA94-80F4-492A-B5B1-165A90706DA7}.Debug|Any CPU.ActiveCfg = Debug|Any CPU
		{8F30AA94-80F4-492A-B5B1-165A90706DA7}.Debug|Any CPU.Build.0 = Debug|Any CPU
		{8F30AA94-80F4-492A-B5B1-165A90706DA7}.Release|Any CPU.ActiveCfg = Release|Any CPU
		{8F30AA94-80F4-492A-B5B1-165A90706DA7}.Release|Any CPU.Build.0 = Release|Any CPU
	EndGlobalSection
	GlobalSection(SolutionProperties) = preSolution
		HideSolutionNode = FALSE
	EndGlobalSection
	GlobalSection(ExtensibilityGlobals) = postSolution
		SolutionGuid = {C72F2F7B-3045-470F-8E50-7EA5507EC895}
	EndGlobalSection
EndGlobal
